# This file is automatically @generated by Poetry 2.1.4 and should not be changed by hand.

[[package]]
name = "tcxreader"
version = "0.4.11"
description = "tcxreader is a reader for Garmin’s TCX file format. It also works well with missing data!"
optional = false
python-versions = "<4.0,>=3.6"
groups = ["main"]
files = [
    {file = "tcxreader-0.4.11-py3-none-any.whl", hash = "sha256:fffff13f81c7f54fff734da91d61b6814d2b1422917a7011f6639281d150fd0e"},
    {file = "tcxreader-0.4.11.tar.gz", hash = "sha256:27a79f48754a968b801ba80890cfb2ac1835ba27387a257c514b90db73edc20b"},
]

[metadata]
lock-version = "2.1"
python-versions = "<4.0,>=3.12"
content-hash = "29636b583d3273a22a2a28fc207b351977599110d204aae6b5400a3ca41b2c26"
